
Microsoft Visual Studio Solution File, Format Version 12.00
# Visual Studio Version 16
VisualStudioVersion = 16.0.30523.141
MinimumVisualStudioVersion = 10.0.40219.1
Project("{FAE04EC0-301F-11D3-BF4B-00C04F79EFBC}") = "InlamningsuppgiftOne", "InlamningsuppgiftOne\InlamningsuppgiftOne.csproj", "{89DF4DCE-13ED-4D30-8842-C35FCFA43EEB}"
EndProject
Global
	GlobalSection(SolutionConfigurationPlatforms) = preSolution
		Debug|Any CPU = Debug|Any CPU
		Release|Any CPU = Release|Any CPU
	EndGlobalSection
	GlobalSection(ProjectConfigurationPlatforms) = postSolution
		{89DF4DCE-13ED-4D30-8842-C35FCFA43EEB}.Debug|Any CPU.ActiveCfg = Debug|Any CPU
		{89DF4DCE-13ED-4D30-8842-C35FCFA43EEB}.Debug|Any CPU.Build.0 = Debug|Any CPU
		{89DF4DCE-13ED-4D30-8842-C35FCFA43EEB}.Release|Any CPU.ActiveCfg = Release|Any CPU
		{89DF4DCE-13ED-4D30-8842-C35FCFA43EEB}.Release|Any CPU.Build.0 = Release|Any CPU
	EndGlobalSection
	GlobalSection(SolutionProperties) = preSolution
		HideSolutionNode = FALSE
	EndGlobalSection
	GlobalSection(ExtensibilityGlobals) = postSolution
		SolutionGuid = {BF6D3C38-DD3D-49DE-B2A1-A4EF70FA08D2}
	EndGlobalSection
EndGlobal
